// !$*UTF8*$!
{
	archiveVersion = 1;
	classes = {
	};
	objectVersion = 50;
	objects = {

/* Begin PBXBuildFile section */
		BE33776E252D031A004E7956 /* Random_Picross.xcdatamodeld in Sources */ = {isa = PBXBuildFile; fileRef = BE33776C252D031A004E7956 /* Random_Picross.xcdatamodeld */; };
		BE337772252D031E004E7956 /* Assets.xcassets in Resources */ = {isa = PBXBuildFile; fileRef = BE337771252D031E004E7956 /* Assets.xcassets */; };
		BE337775252D031E004E7956 /* Preview Assets.xcassets in Resources */ = {isa = PBXBuildFile; fileRef = BE337774252D031E004E7956 /* Preview Assets.xcassets */; };
		BE337783252D031E004E7956 /* Random_PicrossTests.swift in Sources */ = {isa = PBXBuildFile; fileRef = BE337782252D031E004E7956 /* Random_PicrossTests.swift */; };
		BE33778E252D031E004E7956 /* Random_PicrossUITests.swift in Sources */ = {isa = PBXBuildFile; fileRef = BE33778D252D031E004E7956 /* Random_PicrossUITests.swift */; };
		BE83026C25394D5900E760B4 /* HomeView.swift in Sources */ = {isa = PBXBuildFile; fileRef = BE83026B25394D5900E760B4 /* HomeView.swift */; };
		BEF343962538EC460037858C /* GameController.swift in Sources */ = {isa = PBXBuildFile; fileRef = BEF343952538EC460037858C /* GameController.swift */; };
		BEF343982538EC770037858C /* Board.swift in Sources */ = {isa = PBXBuildFile; fileRef = BEF343972538EC770037858C /* Board.swift */; };
		BEF3439A2538ED110037858C /* GameBoardView.swift in Sources */ = {isa = PBXBuildFile; fileRef = BEF343992538ED110037858C /* GameBoardView.swift */; };
		BEF3439F253919170037858C /* HintFrame.swift in Sources */ = {isa = PBXBuildFile; fileRef = BEF3439E253919170037858C /* HintFrame.swift */; };
		BEF343A1253931150037858C /* HintText.swift in Sources */ = {isa = PBXBuildFile; fileRef = BEF343A0253931150037858C /* HintText.swift */; };
		BEF343A3253932DE0037858C /* GameTile.swift in Sources */ = {isa = PBXBuildFile; fileRef = BEF343A2253932DE0037858C /* GameTile.swift */; };
		BEF343A5253935FB0037858C /* RandomPicross.swift in Sources */ = {isa = PBXBuildFile; fileRef = BEF343A4253935FB0037858C /* RandomPicross.swift */; };
/* End PBXBuildFile section */

/* Begin PBXContainerItemProxy section */
		BE33777F252D031E004E7956 /* PBXContainerItemProxy */ = {
			isa = PBXContainerItemProxy;
			containerPortal = BE33775D252D031A004E7956 /* Project object */;
			proxyType = 1;
			remoteGlobalIDString = BE337764252D031A004E7956;
			remoteInfo = "Random Picross";
		};
		BE33778A252D031E004E7956 /* PBXContainerItemProxy */ = {
			isa = PBXContainerItemProxy;
			containerPortal = BE33775D252D031A004E7956 /* Project object */;
			proxyType = 1;
			remoteGlobalIDString = BE337764252D031A004E7956;
			remoteInfo = "Random Picross";
		};
/* End PBXContainerItemProxy section */

/* Begin PBXFileReference section */
		BE337765252D031A004E7956 /* Random Picross.app */ = {isa = PBXFileReference; explicitFileType = wrapper.application; includeInIndex = 0; path = "Random Picross.app"; sourceTree = BUILT_PRODUCTS_DIR; };
		BE33776D252D031A004E7956 /* Random_Picross.xcdatamodel */ = {isa = PBXFileReference; lastKnownFileType = wrapper.xcdatamodel; path = Random_Picross.xcdatamodel; sourceTree = "<group>"; };
		BE337771252D031E004E7956 /* Assets.xcassets */ = {isa = PBXFileReference; lastKnownFileType = folder.assetcatalog; path = Assets.xcassets; sourceTree = "<group>"; };
		BE337774252D031E004E7956 /* Preview Assets.xcassets */ = {isa = PBXFileReference; lastKnownFileType = folder.assetcatalog; path = "Preview Assets.xcassets"; sourceTree = "<group>"; };
		BE337779252D031E004E7956 /* Info.plist */ = {isa = PBXFileReference; lastKnownFileType = text.plist.xml; path = Info.plist; sourceTree = "<group>"; };
		BE33777E252D031E004E7956 /* Random PicrossTests.xctest */ = {isa = PBXFileReference; explicitFileType = wrapper.cfbundle; includeInIndex = 0; path = "Random PicrossTests.xctest"; sourceTree = BUILT_PRODUCTS_DIR; };
		BE337782252D031E004E7956 /* Random_PicrossTests.swift */ = {isa = PBXFileReference; lastKnownFileType = sourcecode.swift; path = Random_PicrossTests.swift; sourceTree = "<group>"; };
		BE337784252D031E004E7956 /* Info.plist */ = {isa = PBXFileReference; lastKnownFileType = text.plist.xml; path = Info.plist; sourceTree = "<group>"; };
		BE337789252D031E004E7956 /* Random PicrossUITests.xctest */ = {isa = PBXFileReference; explicitFileType = wrapper.cfbundle; includeInIndex = 0; path = "Random PicrossUITests.xctest"; sourceTree = BUILT_PRODUCTS_DIR; };
		BE33778D252D031E004E7956 /* Random_PicrossUITests.swift */ = {isa = PBXFileReference; lastKnownFileType = sourcecode.swift; path = Random_PicrossUITests.swift; sourceTree = "<group>"; };
		BE33778F252D031E004E7956 /* Info.plist */ = {isa = PBXFileReference; lastKnownFileType = text.plist.xml; path = Info.plist; sourceTree = "<group>"; };
		BE83026B25394D5900E760B4 /* HomeView.swift */ = {isa = PBXFileReference; lastKnownFileType = sourcecode.swift; path = HomeView.swift; sourceTree = "<group>"; };
		BEF343952538EC460037858C /* GameController.swift */ = {isa = PBXFileReference; lastKnownFileType = sourcecode.swift; path = GameController.swift; sourceTree = "<group>"; };
		BEF343972538EC770037858C /* Board.swift */ = {isa = PBXFileReference; lastKnownFileType = sourcecode.swift; path = Board.swift; sourceTree = "<group>"; };
		BEF343992538ED110037858C /* GameBoardView.swift */ = {isa = PBXFileReference; lastKnownFileType = sourcecode.swift; path = GameBoardView.swift; sourceTree = "<group>"; };
		BEF3439E253919170037858C /* HintFrame.swift */ = {isa = PBXFileReference; lastKnownFileType = sourcecode.swift; path = HintFrame.swift; sourceTree = "<group>"; };
		BEF343A0253931150037858C /* HintText.swift */ = {isa = PBXFileReference; lastKnownFileType = sourcecode.swift; path = HintText.swift; sourceTree = "<group>"; };
		BEF343A2253932DE0037858C /* GameTile.swift */ = {isa = PBXFileReference; lastKnownFileType = sourcecode.swift; path = GameTile.swift; sourceTree = "<group>"; };
		BEF343A4253935FB0037858C /* RandomPicross.swift */ = {isa = PBXFileReference; lastKnownFileType = sourcecode.swift; path = RandomPicross.swift; sourceTree = "<group>"; };
/* End PBXFileReference section */

/* Begin PBXFrameworksBuildPhase section */
		BE337762252D031A004E7956 /* Frameworks */ = {
			isa = PBXFrameworksBuildPhase;
			buildActionMask = 2147483647;
			files = (
			);
			runOnlyForDeploymentPostprocessing = 0;
		};
		BE33777B252D031E004E7956 /* Frameworks */ = {
			isa = PBXFrameworksBuildPhase;
			buildActionMask = 2147483647;
			files = (
			);
			runOnlyForDeploymentPostprocessing = 0;
		};
		BE337786252D031E004E7956 /* Frameworks */ = {
			isa = PBXFrameworksBuildPhase;
			buildActionMask = 2147483647;
			files = (
			);
			runOnlyForDeploymentPostprocessing = 0;
		};
/* End PBXFrameworksBuildPhase section */

/* Begin PBXGroup section */
		BE33775C252D031A004E7956 = {
			isa = PBXGroup;
			children = (
				BE337767252D031A004E7956 /* Random Picross */,
				BE337781252D031E004E7956 /* Random PicrossTests */,
				BE33778C252D031E004E7956 /* Random PicrossUITests */,
				BE337766252D031A004E7956 /* Products */,
			);
			sourceTree = "<group>";
		};
		BE337766252D031A004E7956 /* Products */ = {
			isa = PBXGroup;
			children = (
				BE337765252D031A004E7956 /* Random Picross.app */,
				BE33777E252D031E004E7956 /* Random PicrossTests.xctest */,
				BE337789252D031E004E7956 /* Random PicrossUITests.xctest */,
			);
			name = Products;
			sourceTree = "<group>";
		};
		BE337767252D031A004E7956 /* Random Picross */ = {
			isa = PBXGroup;
			children = (
				BEF343A4253935FB0037858C /* RandomPicross.swift */,
				BEF343922538EC1C0037858C /* Views */,
				BEF343912538EC170037858C /* Logic */,
				BE337771252D031E004E7956 /* Assets.xcassets */,
				BE337779252D031E004E7956 /* Info.plist */,
				BE33776C252D031A004E7956 /* Random_Picross.xcdatamodeld */,
				BE337773252D031E004E7956 /* Preview Content */,
			);
			path = "Random Picross";
			sourceTree = "<group>";
		};
		BE337773252D031E004E7956 /* Preview Content */ = {
			isa = PBXGroup;
			children = (
				BE337774252D031E004E7956 /* Preview Assets.xcassets */,
			);
			path = "Preview Content";
			sourceTree = "<group>";
		};
		BE337781252D031E004E7956 /* Random PicrossTests */ = {
			isa = PBXGroup;
			children = (
				BE337782252D031E004E7956 /* Random_PicrossTests.swift */,
				BE337784252D031E004E7956 /* Info.plist */,
			);
			path = "Random PicrossTests";
			sourceTree = "<group>";
		};
		BE33778C252D031E004E7956 /* Random PicrossUITests */ = {
			isa = PBXGroup;
			children = (
				BE33778D252D031E004E7956 /* Random_PicrossUITests.swift */,
				BE33778F252D031E004E7956 /* Info.plist */,
			);
			path = "Random PicrossUITests";
			sourceTree = "<group>";
		};
		BEF343912538EC170037858C /* Logic */ = {
			isa = PBXGroup;
			children = (
				BEF343952538EC460037858C /* GameController.swift */,
				BEF343972538EC770037858C /* Board.swift */,
			);
			path = Logic;
			sourceTree = "<group>";
		};
		BEF343922538EC1C0037858C /* Views */ = {
			isa = PBXGroup;
			children = (
				BEF3439D253918FA0037858C /* Sub Views */,
				BEF343942538EC260037858C /* Menus */,
				BEF343932538EC200037858C /* Game Board */,
			);
			path = Views;
			sourceTree = "<group>";
		};
		BEF343932538EC200037858C /* Game Board */ = {
			isa = PBXGroup;
			children = (
				BEF343992538ED110037858C /* GameBoardView.swift */,
			);
			path = "Game Board";
			sourceTree = "<group>";
		};
		BEF343942538EC260037858C /* Menus */ = {
			isa = PBXGroup;
			children = (
				BE83026B25394D5900E760B4 /* HomeView.swift */,
			);
			path = Menus;
			sourceTree = "<group>";
		};
		BEF3439D253918FA0037858C /* Sub Views */ = {
			isa = PBXGroup;
			children = (
				BEF3439E253919170037858C /* HintFrame.swift */,
				BEF343A0253931150037858C /* HintText.swift */,
				BEF343A2253932DE0037858C /* GameTile.swift */,
			);
			path = "Sub Views";
			sourceTree = "<group>";
		};
/* End PBXGroup section */

/* Begin PBXNativeTarget section */
		BE337764252D031A004E7956 /* Random Picross */ = {
			isa = PBXNativeTarget;
			buildConfigurationList = BE337792252D031E004E7956 /* Build configuration list for PBXNativeTarget "Random Picross" */;
			buildPhases = (
				BE337761252D031A004E7956 /* Sources */,
				BE337762252D031A004E7956 /* Frameworks */,
				BE337763252D031A004E7956 /* Resources */,
			);
			buildRules = (
			);
			dependencies = (
			);
			name = "Random Picross";
			productName = "Random Picross";
			productReference = BE337765252D031A004E7956 /* Random Picross.app */;
			productType = "com.apple.product-type.application";
		};
		BE33777D252D031E004E7956 /* Random PicrossTests */ = {
			isa = PBXNativeTarget;
			buildConfigurationList = BE337795252D031E004E7956 /* Build configuration list for PBXNativeTarget "Random PicrossTests" */;
			buildPhases = (
				BE33777A252D031E004E7956 /* Sources */,
				BE33777B252D031E004E7956 /* Frameworks */,
				BE33777C252D031E004E7956 /* Resources */,
			);
			buildRules = (
			);
			dependencies = (
				BE337780252D031E004E7956 /* PBXTargetDependency */,
			);
			name = "Random PicrossTests";
			productName = "Random PicrossTests";
			productReference = BE33777E252D031E004E7956 /* Random PicrossTests.xctest */;
			productType = "com.apple.product-type.bundle.unit-test";
		};
		BE337788252D031E004E7956 /* Random PicrossUITests */ = {
			isa = PBXNativeTarget;
			buildConfigurationList = BE337798252D031E004E7956 /* Build configuration list for PBXNativeTarget "Random PicrossUITests" */;
			buildPhases = (
				BE337785252D031E004E7956 /* Sources */,
				BE337786252D031E004E7956 /* Frameworks */,
				BE337787252D031E004E7956 /* Resources */,
			);
			buildRules = (
			);
			dependencies = (
				BE33778B252D031E004E7956 /* PBXTargetDependency */,
			);
			name = "Random PicrossUITests";
			productName = "Random PicrossUITests";
			productReference = BE337789252D031E004E7956 /* Random PicrossUITests.xctest */;
			productType = "com.apple.product-type.bundle.ui-testing";
		};
/* End PBXNativeTarget section */

/* Begin PBXProject section */
		BE33775D252D031A004E7956 /* Project object */ = {
			isa = PBXProject;
			attributes = {
				LastSwiftUpdateCheck = 1160;
				LastUpgradeCheck = 1200;
				ORGANIZATIONNAME = "Vincent Hoang";
				TargetAttributes = {
					BE337764252D031A004E7956 = {
						CreatedOnToolsVersion = 11.6;
					};
					BE33777D252D031E004E7956 = {
						CreatedOnToolsVersion = 11.6;
						TestTargetID = BE337764252D031A004E7956;
					};
					BE337788252D031E004E7956 = {
						CreatedOnToolsVersion = 11.6;
						TestTargetID = BE337764252D031A004E7956;
					};
				};
			};
			buildConfigurationList = BE337760252D031A004E7956 /* Build configuration list for PBXProject "Random Picross" */;
			compatibilityVersion = "Xcode 9.3";
			developmentRegion = en;
			hasScannedForEncodings = 0;
			knownRegions = (
				en,
				Base,
			);
			mainGroup = BE33775C252D031A004E7956;
			productRefGroup = BE337766252D031A004E7956 /* Products */;
			projectDirPath = "";
			projectRoot = "";
			targets = (
				BE337764252D031A004E7956 /* Random Picross */,
				BE33777D252D031E004E7956 /* Random PicrossTests */,
				BE337788252D031E004E7956 /* Random PicrossUITests */,
			);
		};
/* End PBXProject section */

/* Begin PBXResourcesBuildPhase section */
		BE337763252D031A004E7956 /* Resources */ = {
			isa = PBXResourcesBuildPhase;
			buildActionMask = 2147483647;
			files = (
				BE337775252D031E004E7956 /* Preview Assets.xcassets in Resources */,
				BE337772252D031E004E7956 /* Assets.xcassets in Resources */,
			);
			runOnlyForDeploymentPostprocessing = 0;
		};
		BE33777C252D031E004E7956 /* Resources */ = {
			isa = PBXResourcesBuildPhase;
			buildActionMask = 2147483647;
			files = (
			);
			runOnlyForDeploymentPostprocessing = 0;
		};
		BE337787252D031E004E7956 /* Resources */ = {
			isa = PBXResourcesBuildPhase;
			buildActionMask = 2147483647;
			files = (
			);
			runOnlyForDeploymentPostprocessing = 0;
		};
/* End PBXResourcesBuildPhase section */

/* Begin PBXSourcesBuildPhase section */
		BE337761252D031A004E7956 /* Sources */ = {
			isa = PBXSourcesBuildPhase;
			buildActionMask = 2147483647;
			files = (
				BEF343A5253935FB0037858C /* RandomPicross.swift in Sources */,
				BE33776E252D031A004E7956 /* Random_Picross.xcdatamodeld in Sources */,
				BEF343962538EC460037858C /* GameController.swift in Sources */,
				BEF343982538EC770037858C /* Board.swift in Sources */,
				BEF343A3253932DE0037858C /* GameTile.swift in Sources */,
				BE83026C25394D5900E760B4 /* HomeView.swift in Sources */,
				BEF343A1253931150037858C /* HintText.swift in Sources */,
				BEF3439A2538ED110037858C /* GameBoardView.swift in Sources */,
				BEF3439F253919170037858C /* HintFrame.swift in Sources */,
			);
			runOnlyForDeploymentPostprocessing = 0;
		};
		BE33777A252D031E004E7956 /* Sources */ = {
			isa = PBXSourcesBuildPhase;
			buildActionMask = 2147483647;
			files = (
				BE337783252D031E004E7956 /* Random_PicrossTests.swift in Sources */,
			);
			runOnlyForDeploymentPostprocessing = 0;
		};
		BE337785252D031E004E7956 /* Sources */ = {
			isa = PBXSourcesBuildPhase;
			buildActionMask = 2147483647;
			files = (
				BE33778E252D031E004E7956 /* Random_PicrossUITests.swift in Sources */,
			);
			runOnlyForDeploymentPostprocessing = 0;
		};
/* End PBXSourcesBuildPhase section */

/* Begin PBXTargetDependency section */
		BE337780252D031E004E7956 /* PBXTargetDependency */ = {
			isa = PBXTargetDependency;
			target = BE337764252D031A004E7956 /* Random Picross */;
			targetProxy = BE33777F252D031E004E7956 /* PBXContainerItemProxy */;
		};
		BE33778B252D031E004E7956 /* PBXTargetDependency */ = {
			isa = PBXTargetDependency;
			target = BE337764252D031A004E7956 /* Random Picross */;
			targetProxy = BE33778A252D031E004E7956 /* PBXContainerItemProxy */;
		};
/* End PBXTargetDependency section */

/* Begin XCBuildConfiguration section */
		BE337790252D031E004E7956 /* Debug */ = {
			isa = XCBuildConfiguration;
			buildSettings = {
				ALWAYS_SEARCH_USER_PATHS = NO;
				CLANG_ANALYZER_NONNULL = YES;
				CLANG_ANALYZER_NUMBER_OBJECT_CONVERSION = YES_AGGRESSIVE;
				CLANG_CXX_LANGUAGE_STANDARD = "gnu++14";
				CLANG_CXX_LIBRARY = "libc++";
				CLANG_ENABLE_MODULES = YES;
				CLANG_ENABLE_OBJC_ARC = YES;
				CLANG_ENABLE_OBJC_WEAK = YES;
				CLANG_WARN_BLOCK_CAPTURE_AUTORELEASING = YES;
				CLANG_WARN_BOOL_CONVERSION = YES;
				CLANG_WARN_COMMA = YES;
				CLANG_WARN_CONSTANT_CONVERSION = YES;
				CLANG_WARN_DEPRECATED_OBJC_IMPLEMENTATIONS = YES;
				CLANG_WARN_DIRECT_OBJC_ISA_USAGE = YES_ERROR;
				CLANG_WARN_DOCUMENTATION_COMMENTS = YES;
				CLANG_WARN_EMPTY_BODY = YES;
				CLANG_WARN_ENUM_CONVERSION = YES;
				CLANG_WARN_INFINITE_RECURSION = YES;
				CLANG_WARN_INT_CONVERSION = YES;
				CLANG_WARN_NON_LITERAL_NULL_CONVERSION = YES;
				CLANG_WARN_OBJC_IMPLICIT_RETAIN_SELF = YES;
				CLANG_WARN_OBJC_LITERAL_CONVERSION = YES;
				CLANG_WARN_OBJC_ROOT_CLASS = YES_ERROR;
				CLANG_WARN_QUOTED_INCLUDE_IN_FRAMEWORK_HEADER = YES;
				CLANG_WARN_RANGE_LOOP_ANALYSIS = YES;
				CLANG_WARN_STRICT_PROTOTYPES = YES;
				CLANG_WARN_SUSPICIOUS_MOVE = YES;
				CLANG_WARN_UNGUARDED_AVAILABILITY = YES_AGGRESSIVE;
				CLANG_WARN_UNREACHABLE_CODE = YES;
				CLANG_WARN__DUPLICATE_METHOD_MATCH = YES;
				COPY_PHASE_STRIP = NO;
				DEBUG_INFORMATION_FORMAT = dwarf;
				ENABLE_STRICT_OBJC_MSGSEND = YES;
				ENABLE_TESTABILITY = YES;
				GCC_C_LANGUAGE_STANDARD = gnu11;
				GCC_DYNAMIC_NO_PIC = NO;
				GCC_NO_COMMON_BLOCKS = YES;
				GCC_OPTIMIZATION_LEVEL = 0;
				GCC_PREPROCESSOR_DEFINITIONS = (
					"DEBUG=1",
					"$(inherited)",
				);
				GCC_WARN_64_TO_32_BIT_CONVERSION = YES;
				GCC_WARN_ABOUT_RETURN_TYPE = YES_ERROR;
				GCC_WARN_UNDECLARED_SELECTOR = YES;
				GCC_WARN_UNINITIALIZED_AUTOS = YES_AGGRESSIVE;
				GCC_WARN_UNUSED_FUNCTION = YES;
				GCC_WARN_UNUSED_VARIABLE = YES;
				IPHONEOS_DEPLOYMENT_TARGET = 13.6;
				MTL_ENABLE_DEBUG_INFO = INCLUDE_SOURCE;
				MTL_FAST_MATH = YES;
				ONLY_ACTIVE_ARCH = YES;
				SDKROOT = iphoneos;
				SWIFT_ACTIVE_COMPILATION_CONDITIONS = DEBUG;
				SWIFT_OPTIMIZATION_LEVEL = "-Onone";
			};
			name = Debug;
		};
		BE337791252D031E004E7956 /* Release */ = {
			isa = XCBuildConfiguration;
			buildSettings = {
				ALWAYS_SEARCH_USER_PATHS = NO;
				CLANG_ANALYZER_NONNULL = YES;
				CLANG_ANALYZER_NUMBER_OBJECT_CONVERSION = YES_AGGRESSIVE;
				CLANG_CXX_LANGUAGE_STANDARD = "gnu++14";
				CLANG_CXX_LIBRARY = "libc++";
				CLANG_ENABLE_MODULES = YES;
				CLANG_ENABLE_OBJC_ARC = YES;
				CLANG_ENABLE_OBJC_WEAK = YES;
				CLANG_WARN_BLOCK_CAPTURE_AUTORELEASING = YES;
				CLANG_WARN_BOOL_CONVERSION = YES;
				CLANG_WARN_COMMA = YES;
				CLANG_WARN_CONSTANT_CONVERSION = YES;
				CLANG_WARN_DEPRECATED_OBJC_IMPLEMENTATIONS = YES;
				CLANG_WARN_DIRECT_OBJC_ISA_USAGE = YES_ERROR;
				CLANG_WARN_DOCUMENTATION_COMMENTS = YES;
				CLANG_WARN_EMPTY_BODY = YES;
				CLANG_WARN_ENUM_CONVERSION = YES;
				CLANG_WARN_INFINITE_RECURSION = YES;
				CLANG_WARN_INT_CONVERSION = YES;
				CLANG_WARN_NON_LITERAL_NULL_CONVERSION = YES;
				CLANG_WARN_OBJC_IMPLICIT_RETAIN_SELF = YES;
				CLANG_WARN_OBJC_LITERAL_CONVERSION = YES;
				CLANG_WARN_OBJC_ROOT_CLASS = YES_ERROR;
				CLANG_WARN_QUOTED_INCLUDE_IN_FRAMEWORK_HEADER = YES;
				CLANG_WARN_RANGE_LOOP_ANALYSIS = YES;
				CLANG_WARN_STRICT_PROTOTYPES = YES;
				CLANG_WARN_SUSPICIOUS_MOVE = YES;
				CLANG_WARN_UNGUARDED_AVAILABILITY = YES_AGGRESSIVE;
				CLANG_WARN_UNREACHABLE_CODE = YES;
				CLANG_WARN__DUPLICATE_METHOD_MATCH = YES;
				COPY_PHASE_STRIP = NO;
				DEBUG_INFORMATION_FORMAT = "dwarf-with-dsym";
				ENABLE_NS_ASSERTIONS = NO;
				ENABLE_STRICT_OBJC_MSGSEND = YES;
				GCC_C_LANGUAGE_STANDARD = gnu11;
				GCC_NO_COMMON_BLOCKS = YES;
				GCC_WARN_64_TO_32_BIT_CONVERSION = YES;
				GCC_WARN_ABOUT_RETURN_TYPE = YES_ERROR;
				GCC_WARN_UNDECLARED_SELECTOR = YES;
				GCC_WARN_UNINITIALIZED_AUTOS = YES_AGGRESSIVE;
				GCC_WARN_UNUSED_FUNCTION = YES;
				GCC_WARN_UNUSED_VARIABLE = YES;
				IPHONEOS_DEPLOYMENT_TARGET = 13.6;
				MTL_ENABLE_DEBUG_INFO = NO;
				MTL_FAST_MATH = YES;
				SDKROOT = iphoneos;
				SWIFT_COMPILATION_MODE = wholemodule;
				SWIFT_OPTIMIZATION_LEVEL = "-O";
				VALIDATE_PRODUCT = YES;
			};
			name = Release;
		};
		BE337793252D031E004E7956 /* Debug */ = {
			isa = XCBuildConfiguration;
			buildSettings = {
				ASSETCATALOG_COMPILER_APPICON_NAME = AppIcon;
				CODE_SIGN_STYLE = Automatic;
				DEVELOPMENT_ASSET_PATHS = "\"Random Picross/Preview Content\"";
				DEVELOPMENT_TEAM = K4ZABLHUH8;
				ENABLE_PREVIEWS = YES;
				INFOPLIST_FILE = "Random Picross/Info.plist";
				IPHONEOS_DEPLOYMENT_TARGET = 14.0;
				LD_RUNPATH_SEARCH_PATHS = (
					"$(inherited)",
					"@executable_path/Frameworks",
				);
				PRODUCT_BUNDLE_IDENTIFIER = "system787.Random-Picross";
				PRODUCT_NAME = "$(TARGET_NAME)";
				SWIFT_VERSION = 5.0;
				TARGETED_DEVICE_FAMILY = "1,2";
			};
			name = Debug;
		};
		BE337794252D031E004E7956 /* Release */ = {
			isa = XCBuildConfiguration;
			buildSettings = {
				ASSETCATALOG_COMPILER_APPICON_NAME = AppIcon;
				CODE_SIGN_STYLE = Automatic;
				DEVELOPMENT_ASSET_PATHS = "\"Random Picross/Preview Content\"";
				DEVELOPMENT_TEAM = K4ZABLHUH8;
				ENABLE_PREVIEWS = YES;
				INFOPLIST_FILE = "Random Picross/Info.plist";
				IPHONEOS_DEPLOYMENT_TARGET = 14.0;
				LD_RUNPATH_SEARCH_PATHS = (
					"$(inherited)",
					"@executable_path/Frameworks",
				);
				PRODUCT_BUNDLE_IDENTIFIER = "system787.Random-Picross";
				PRODUCT_NAME = "$(TARGET_NAME)";
				SWIFT_VERSION = 5.0;
				TARGETED_DEVICE_FAMILY = "1,2";
			};
			name = Release;
		};
		BE337796252D031E004E7956 /* Debug */ = {
			isa = XCBuildConfiguration;
			buildSettings = {
				ALWAYS_EMBED_SWIFT_STANDARD_LIBRARIES = YES;
				BUNDLE_LOADER = "$(TEST_HOST)";
				CODE_SIGN_STYLE = Automatic;
				INFOPLIST_FILE = "Random PicrossTests/Info.plist";
				IPHONEOS_DEPLOYMENT_TARGET = 13.6;
				LD_RUNPATH_SEARCH_PATHS = (
					"$(inherited)",
					"@executable_path/Frameworks",
					"@loader_path/Frameworks",
				);
				PRODUCT_BUNDLE_IDENTIFIER = "system787.Random-PicrossTests";
				PRODUCT_NAME = "$(TARGET_NAME)";
				SWIFT_VERSION = 5.0;
				TARGETED_DEVICE_FAMILY = "1,2";
				TEST_HOST = "$(BUILT_PRODUCTS_DIR)/Random Picross.app/Random Picross";
			};
			name = Debug;
		};
		BE337797252D031E004E7956 /* Release */ = {
			isa = XCBuildConfiguration;
			buildSettings = {
				ALWAYS_EMBED_SWIFT_STANDARD_LIBRARIES = YES;
				BUNDLE_LOADER = "$(TEST_HOST)";
				CODE_SIGN_STYLE = Automatic;
				INFOPLIST_FILE = "Random PicrossTests/Info.plist";
				IPHONEOS_DEPLOYMENT_TARGET = 13.6;
				LD_RUNPATH_SEARCH_PATHS = (
					"$(inherited)",
					"@executable_path/Frameworks",
					"@loader_path/Frameworks",
				);
				PRODUCT_BUNDLE_IDENTIFIER = "system787.Random-PicrossTests";
				PRODUCT_NAME = "$(TARGET_NAME)";
				SWIFT_VERSION = 5.0;
				TARGETED_DEVICE_FAMILY = "1,2";
				TEST_HOST = "$(BUILT_PRODUCTS_DIR)/Random Picross.app/Random Picross";
			};
			name = Release;
		};
		BE337799252D031E004E7956 /* Debug */ = {
			isa = XCBuildConfiguration;
			buildSettings = {
				ALWAYS_EMBED_SWIFT_STANDARD_LIBRARIES = YES;
				CODE_SIGN_STYLE = Automatic;
				INFOPLIST_FILE = "Random PicrossUITests/Info.plist";
				LD_RUNPATH_SEARCH_PATHS = (
					"$(inherited)",
					"@executable_path/Frameworks",
					"@loader_path/Frameworks",
				);
				PRODUCT_BUNDLE_IDENTIFIER = "system787.Random-PicrossUITests";
				PRODUCT_NAME = "$(TARGET_NAME)";
				SWIFT_VERSION = 5.0;
				TARGETED_DEVICE_FAMILY = "1,2";
				TEST_TARGET_NAME = "Random Picross";
			};
			name = Debug;
		};
		BE33779A252D031E004E7956 /* Release */ = {
			isa = XCBuildConfiguration;
			buildSettings = {
				ALWAYS_EMBED_SWIFT_STANDARD_LIBRARIES = YES;
				CODE_SIGN_STYLE = Automatic;
				INFOPLIST_FILE = "Random PicrossUITests/Info.plist";
				LD_RUNPATH_SEARCH_PATHS = (
					"$(inherited)",
					"@executable_path/Frameworks",
					"@loader_path/Frameworks",
				);
				PRODUCT_BUNDLE_IDENTIFIER = "system787.Random-PicrossUITests";
				PRODUCT_NAME = "$(TARGET_NAME)";
				SWIFT_VERSION = 5.0;
				TARGETED_DEVICE_FAMILY = "1,2";
				TEST_TARGET_NAME = "Random Picross";
			};
			name = Release;
		};
/* End XCBuildConfiguration section */

/* Begin XCConfigurationList section */
		BE337760252D031A004E7956 /* Build configuration list for PBXProject "Random Picross" */ = {
			isa = XCConfigurationList;
			buildConfigurations = (
				BE337790252D031E004E7956 /* Debug */,
				BE337791252D031E004E7956 /* Release */,
			);
			defaultConfigurationIsVisible = 0;
			defaultConfigurationName = Release;
		};
		BE337792252D031E004E7956 /* Build configuration list for PBXNativeTarget "Random Picross" */ = {
			isa = XCConfigurationList;
			buildConfigurations = (
				BE337793252D031E004E7956 /* Debug */,
				BE337794252D031E004E7956 /* Release */,
			);
			defaultConfigurationIsVisible = 0;
			defaultConfigurationName = Release;
		};
		BE337795252D031E004E7956 /* Build configuration list for PBXNativeTarget "Random PicrossTests" */ = {
			isa = XCConfigurationList;
			buildConfigurations = (
				BE337796252D031E004E7956 /* Debug */,
				BE337797252D031E004E7956 /* Release */,
			);
			defaultConfigurationIsVisible = 0;
			defaultConfigurationName = Release;
		};
		BE337798252D031E004E7956 /* Build configuration list for PBXNativeTarget "Random PicrossUITests" */ = {
			isa = XCConfigurationList;
			buildConfigurations = (
				BE337799252D031E004E7956 /* Debug */,
				BE33779A252D031E004E7956 /* Release */,
			);
			defaultConfigurationIsVisible = 0;
			defaultConfigurationName = Release;
		};
/* End XCConfigurationList section */

/* Begin XCVersionGroup section */
		BE33776C252D031A004E7956 /* Random_Picross.xcdatamodeld */ = {
			isa = XCVersionGroup;
			children = (
				BE33776D252D031A004E7956 /* Random_Picross.xcdatamodel */,
			);
			currentVersion = BE33776D252D031A004E7956 /* Random_Picross.xcdatamodel */;
			path = Random_Picross.xcdatamodeld;
			sourceTree = "<group>";
			versionGroupType = wrapper.xcdatamodel;
		};
/* End XCVersionGroup section */
	};
	rootObject = BE33775D252D031A004E7956 /* Project object */;
}
